// !$*UTF8*$!
{
	archiveVersion = 1;
	classes = {
	};
	objectVersion = 50;
	objects = {

/* Begin PBXBuildFile section */
		6288AA2B21504CD9008EACFC /* AppDelegate.swift in Sources */ = {isa = PBXBuildFile; fileRef = 6288AA2A21504CD9008EACFC /* AppDelegate.swift */; };
		6288AA2D21504CD9008EACFC /* ViewController.swift in Sources */ = {isa = PBXBuildFile; fileRef = 6288AA2C21504CD9008EACFC /* ViewController.swift */; };
		6288AA3021504CD9008EACFC /* Main.storyboard in Resources */ = {isa = PBXBuildFile; fileRef = 6288AA2E21504CD9008EACFC /* Main.storyboard */; };
		6288AA3221504CDA008EACFC /* Assets.xcassets in Resources */ = {isa = PBXBuildFile; fileRef = 6288AA3121504CDA008EACFC /* Assets.xcassets */; };
		6288AA3521504CDA008EACFC /* LaunchScreen.storyboard in Resources */ = {isa = PBXBuildFile; fileRef = 6288AA3321504CDA008EACFC /* LaunchScreen.storyboard */; };
		6288AA4021504CDA008EACFC /* modcalculatorTests.swift in Sources */ = {isa = PBXBuildFile; fileRef = 6288AA3F21504CDA008EACFC /* modcalculatorTests.swift */; };
/* End PBXBuildFile section */

/* Begin PBXContainerItemProxy section */
		6288AA3C21504CDA008EACFC /* PBXContainerItemProxy */ = {
			isa = PBXContainerItemProxy;
			containerPortal = 6288AA1F21504CD9008EACFC /* Project object */;
			proxyType = 1;
			remoteGlobalIDString = 6288AA2621504CD9008EACFC;
			remoteInfo = modcalculator;
		};
/* End PBXContainerItemProxy section */

/* Begin PBXFileReference section */
		6288AA2721504CD9008EACFC /* modcalculator.app */ = {isa = PBXFileReference; explicitFileType = wrapper.application; includeInIndex = 0; path = modcalculator.app; sourceTree = BUILT_PRODUCTS_DIR; };
		6288AA2A21504CD9008EACFC /* AppDelegate.swift */ = {isa = PBXFileReference; lastKnownFileType = sourcecode.swift; path = AppDelegate.swift; sourceTree = "<group>"; };
		6288AA2C21504CD9008EACFC /* ViewController.swift */ = {isa = PBXFileReference; lastKnownFileType = sourcecode.swift; path = ViewController.swift; sourceTree = "<group>"; };
		6288AA2F21504CD9008EACFC /* Base */ = {isa = PBXFileReference; lastKnownFileType = file.storyboard; name = Base; path = Base.lproj/Main.storyboard; sourceTree = "<group>"; };
		6288AA3121504CDA008EACFC /* Assets.xcassets */ = {isa = PBXFileReference; lastKnownFileType = folder.assetcatalog; path = Assets.xcassets; sourceTree = "<group>"; };
		6288AA3421504CDA008EACFC /* Base */ = {isa = PBXFileReference; lastKnownFileType = file.storyboard; name = Base; path = Base.lproj/LaunchScreen.storyboard; sourceTree = "<group>"; };
		6288AA3621504CDA008EACFC /* Info.plist */ = {isa = PBXFileReference; lastKnownFileType = text.plist.xml; path = Info.plist; sourceTree = "<group>"; };
		6288AA3B21504CDA008EACFC /* modcalculatorTests.xctest */ = {isa = PBXFileReference; explicitFileType = wrapper.cfbundle; includeInIndex = 0; path = modcalculatorTests.xctest; sourceTree = BUILT_PRODUCTS_DIR; };
		6288AA3F21504CDA008EACFC /* modcalculatorTests.swift */ = {isa = PBXFileReference; lastKnownFileType = sourcecode.swift; path = modcalculatorTests.swift; sourceTree = "<group>"; };
		6288AA4121504CDA008EACFC /* Info.plist */ = {isa = PBXFileReference; lastKnownFileType = text.plist.xml; path = Info.plist; sourceTree = "<group>"; };
/* End PBXFileReference section */

/* Begin PBXFrameworksBuildPhase section */
		6288AA2421504CD9008EACFC /* Frameworks */ = {
			isa = PBXFrameworksBuildPhase;
			buildActionMask = 2147483647;
			files = (
			);
			runOnlyForDeploymentPostprocessing = 0;
		};
		6288AA3821504CDA008EACFC /* Frameworks */ = {
			isa = PBXFrameworksBuildPhase;
			buildActionMask = 2147483647;
			files = (
			);
			runOnlyForDeploymentPostprocessing = 0;
		};
/* End PBXFrameworksBuildPhase section */

/* Begin PBXGroup section */
		6288AA1E21504CD9008EACFC = {
			isa = PBXGroup;
			children = (
				6288AA2921504CD9008EACFC /* modcalculator */,
				6288AA3E21504CDA008EACFC /* modcalculatorTests */,
				6288AA2821504CD9008EACFC /* Products */,
			);
			sourceTree = "<group>";
		};
		6288AA2821504CD9008EACFC /* Products */ = {
			isa = PBXGroup;
			children = (
				6288AA2721504CD9008EACFC /* modcalculator.app */,
				6288AA3B21504CDA008EACFC /* modcalculatorTests.xctest */,
			);
			name = Products;
			sourceTree = "<group>";
		};
		6288AA2921504CD9008EACFC /* modcalculator */ = {
			isa = PBXGroup;
			children = (
				6288AA2A21504CD9008EACFC /* AppDelegate.swift */,
				6288AA2C21504CD9008EACFC /* ViewController.swift */,
				6288AA2E21504CD9008EACFC /* Main.storyboard */,
				6288AA3121504CDA008EACFC /* Assets.xcassets */,
				6288AA3321504CDA008EACFC /* LaunchScreen.storyboard */,
				6288AA3621504CDA008EACFC /* Info.plist */,
			);
			path = modcalculator;
			sourceTree = "<group>";
		};
		6288AA3E21504CDA008EACFC /* modcalculatorTests */ = {
			isa = PBXGroup;
			children = (
				6288AA3F21504CDA008EACFC /* modcalculatorTests.swift */,
				6288AA4121504CDA008EACFC /* Info.plist */,
			);
			path = modcalculatorTests;
			sourceTree = "<group>";
		};
/* End PBXGroup section */

/* Begin PBXNativeTarget section */
		6288AA2621504CD9008EACFC /* modcalculator */ = {
			isa = PBXNativeTarget;
			buildConfigurationList = 6288AA4421504CDA008EACFC /* Build configuration list for PBXNativeTarget "modcalculator" */;
			buildPhases = (
				6288AA2321504CD9008EACFC /* Sources */,
				6288AA2421504CD9008EACFC /* Frameworks */,
				6288AA2521504CD9008EACFC /* Resources */,
			);
			buildRules = (
			);
			dependencies = (
			);
			name = modcalculator;
			productName = modcalculator;
			productReference = 6288AA2721504CD9008EACFC /* modcalculator.app */;
			productType = "com.apple.product-type.application";
		};
		6288AA3A21504CDA008EACFC /* modcalculatorTests */ = {
			isa = PBXNativeTarget;
			buildConfigurationList = 6288AA4721504CDA008EACFC /* Build configuration list for PBXNativeTarget "modcalculatorTests" */;
			buildPhases = (
				6288AA3721504CDA008EACFC /* Sources */,
				6288AA3821504CDA008EACFC /* Frameworks */,
				6288AA3921504CDA008EACFC /* Resources */,
			);
			buildRules = (
			);
			dependencies = (
				6288AA3D21504CDA008EACFC /* PBXTargetDependency */,
			);
			name = modcalculatorTests;
			productName = modcalculatorTests;
			productReference = 6288AA3B21504CDA008EACFC /* modcalculatorTests.xctest */;
			productType = "com.apple.product-type.bundle.unit-test";
		};
/* End PBXNativeTarget section */

/* Begin PBXProject section */
		6288AA1F21504CD9008EACFC /* Project object */ = {
			isa = PBXProject;
			attributes = {
				LastSwiftUpdateCheck = 0940;
				LastUpgradeCheck = 0940;
				ORGANIZATIONNAME = "Francesco Valela";
				TargetAttributes = {
					6288AA2621504CD9008EACFC = {
						CreatedOnToolsVersion = 9.4.1;
					};
					6288AA3A21504CDA008EACFC = {
						CreatedOnToolsVersion = 9.4.1;
						TestTargetID = 6288AA2621504CD9008EACFC;
					};
				};
			};
			buildConfigurationList = 6288AA2221504CD9008EACFC /* Build configuration list for PBXProject "modcalculator" */;
			compatibilityVersion = "Xcode 9.3";
			developmentRegion = en;
			hasScannedForEncodings = 0;
			knownRegions = (
				en,
				Base,
			);
			mainGroup = 6288AA1E21504CD9008EACFC;
			productRefGroup = 6288AA2821504CD9008EACFC /* Products */;
			projectDirPath = "";
			projectRoot = "";
			targets = (
				6288AA2621504CD9008EACFC /* modcalculator */,
				6288AA3A21504CDA008EACFC /* modcalculatorTests */,
			);
		};
/* End PBXProject section */

/* Begin PBXResourcesBuildPhase section */
		6288AA2521504CD9008EACFC /* Resources */ = {
			isa = PBXResourcesBuildPhase;
			buildActionMask = 2147483647;
			files = (
				6288AA3521504CDA008EACFC /* LaunchScreen.storyboard in Resources */,
				6288AA3221504CDA008EACFC /* Assets.xcassets in Resources */,
				6288AA3021504CD9008EACFC /* Main.storyboard in Resources */,
			);
			runOnlyForDeploymentPostprocessing = 0;
		};
		6288AA3921504CDA008EACFC /* Resources */ = {
			isa = PBXResourcesBuildPhase;
			buildActionMask = 2147483647;
			files = (
			);
			runOnlyForDeploymentPostprocessing = 0;
		};
/* End PBXResourcesBuildPhase section */

/* Begin PBXSourcesBuildPhase section */
		6288AA2321504CD9008EACFC /* Sources */ = {
			isa = PBXSourcesBuildPhase;
			buildActionMask = 2147483647;
			files = (
				6288AA2D21504CD9008EACFC /* ViewController.swift in Sources */,
				6288AA2B21504CD9008EACFC /* AppDelegate.swift in Sources */,
			);
			runOnlyForDeploymentPostprocessing = 0;
		};
		6288AA3721504CDA008EACFC /* Sources */ = {
			isa = PBXSourcesBuildPhase;
			buildActionMask = 2147483647;
			files = (
				6288AA4021504CDA008EACFC /* modcalculatorTests.swift in Sources */,
			);
			runOnlyForDeploymentPostprocessing = 0;
		};
/* End PBXSourcesBuildPhase section */

/* Begin PBXTargetDependency section */
		6288AA3D21504CDA008EACFC /* PBXTargetDependency */ = {
			isa = PBXTargetDependency;
			target = 6288AA2621504CD9008EACFC /* modcalculator */;
			targetProxy = 6288AA3C21504CDA008EACFC /* PBXContainerItemProxy */;
		};
/* End PBXTargetDependency section */

/* Begin PBXVariantGroup section */
		6288AA2E21504CD9008EACFC /* Main.storyboard */ = {
			isa = PBXVariantGroup;
			children = (
				6288AA2F21504CD9008EACFC /* Base */,
			);
			name = Main.storyboard;
			sourceTree = "<group>";
		};
		6288AA3321504CDA008EACFC /* LaunchScreen.storyboard */ = {
			isa = PBXVariantGroup;
			children = (
				6288AA3421504CDA008EACFC /* Base */,
			);
			name = LaunchScreen.storyboard;
			sourceTree = "<group>";
		};
/* End PBXVariantGroup section */

/* Begin XCBuildConfiguration section */
		6288AA4221504CDA008EACFC /* Debug */ = {
			isa = XCBuildConfiguration;
			buildSettings = {
				ALWAYS_SEARCH_USER_PATHS = NO;
				CLANG_ANALYZER_NONNULL = YES;
				CLANG_ANALYZER_NUMBER_OBJECT_CONVERSION = YES_AGGRESSIVE;
				CLANG_CXX_LANGUAGE_STANDARD = "gnu++14";
				CLANG_CXX_LIBRARY = "libc++";
				CLANG_ENABLE_MODULES = YES;
				CLANG_ENABLE_OBJC_ARC = YES;
				CLANG_ENABLE_OBJC_WEAK = YES;
				CLANG_WARN_BLOCK_CAPTURE_AUTORELEASING = YES;
				CLANG_WARN_BOOL_CONVERSION = YES;
				CLANG_WARN_COMMA = YES;
				CLANG_WARN_CONSTANT_CONVERSION = YES;
				CLANG_WARN_DEPRECATED_OBJC_IMPLEMENTATIONS = YES;
				CLANG_WARN_DIRECT_OBJC_ISA_USAGE = YES_ERROR;
				CLANG_WARN_DOCUMENTATION_COMMENTS = YES;
				CLANG_WARN_EMPTY_BODY = YES;
				CLANG_WARN_ENUM_CONVERSION = YES;
				CLANG_WARN_INFINITE_RECURSION = YES;
				CLANG_WARN_INT_CONVERSION = YES;
				CLANG_WARN_NON_LITERAL_NULL_CONVERSION = YES;
				CLANG_WARN_OBJC_IMPLICIT_RETAIN_SELF = YES;
				CLANG_WARN_OBJC_LITERAL_CONVERSION = YES;
				CLANG_WARN_OBJC_ROOT_CLASS = YES_ERROR;
				CLANG_WARN_RANGE_LOOP_ANALYSIS = YES;
				CLANG_WARN_STRICT_PROTOTYPES = YES;
				CLANG_WARN_SUSPICIOUS_MOVE = YES;
				CLANG_WARN_UNGUARDED_AVAILABILITY = YES_AGGRESSIVE;
				CLANG_WARN_UNREACHABLE_CODE = YES;
				CLANG_WARN__DUPLICATE_METHOD_MATCH = YES;
				CODE_SIGN_IDENTITY = "iPhone Developer";
				COPY_PHASE_STRIP = NO;
				DEBUG_INFORMATION_FORMAT = dwarf;
				ENABLE_STRICT_OBJC_MSGSEND = YES;
				ENABLE_TESTABILITY = YES;
				GCC_C_LANGUAGE_STANDARD = gnu11;
				GCC_DYNAMIC_NO_PIC = NO;
				GCC_NO_COMMON_BLOCKS = YES;
				GCC_OPTIMIZATION_LEVEL = 0;
				GCC_PREPROCESSOR_DEFINITIONS = (
					"DEBUG=1",
					"$(inherited)",
				);
				GCC_WARN_64_TO_32_BIT_CONVERSION = YES;
				GCC_WARN_ABOUT_RETURN_TYPE = YES_ERROR;
				GCC_WARN_UNDECLARED_SELECTOR = YES;
				GCC_WARN_UNINITIALIZED_AUTOS = YES_AGGRESSIVE;
				GCC_WARN_UNUSED_FUNCTION = YES;
				GCC_WARN_UNUSED_VARIABLE = YES;
				IPHONEOS_DEPLOYMENT_TARGET = 11.4;
				MTL_ENABLE_DEBUG_INFO = YES;
				ONLY_ACTIVE_ARCH = YES;
				SDKROOT = iphoneos;
				SWIFT_ACTIVE_COMPILATION_CONDITIONS = DEBUG;
				SWIFT_OPTIMIZATION_LEVEL = "-Onone";
			};
			name = Debug;
		};
		6288AA4321504CDA008EACFC /* Release */ = {
			isa = XCBuildConfiguration;
			buildSettings = {
				ALWAYS_SEARCH_USER_PATHS = NO;
				CLANG_ANALYZER_NONNULL = YES;
				CLANG_ANALYZER_NUMBER_OBJECT_CONVERSION = YES_AGGRESSIVE;
				CLANG_CXX_LANGUAGE_STANDARD = "gnu++14";
				CLANG_CXX_LIBRARY = "libc++";
				CLANG_ENABLE_MODULES = YES;
				CLANG_ENABLE_OBJC_ARC = YES;
				CLANG_ENABLE_OBJC_WEAK = YES;
				CLANG_WARN_BLOCK_CAPTURE_AUTORELEASING = YES;
				CLANG_WARN_BOOL_CONVERSION = YES;
				CLANG_WARN_COMMA = YES;
				CLANG_WARN_CONSTANT_CONVERSION = YES;
				CLANG_WARN_DEPRECATED_OBJC_IMPLEMENTATIONS = YES;
				CLANG_WARN_DIRECT_OBJC_ISA_USAGE = YES_ERROR;
				CLANG_WARN_DOCUMENTATION_COMMENTS = YES;
				CLANG_WARN_EMPTY_BODY = YES;
				CLANG_WARN_ENUM_CONVERSION = YES;
				CLANG_WARN_INFINITE_RECURSION = YES;
				CLANG_WARN_INT_CONVERSION = YES;
				CLANG_WARN_NON_LITERAL_NULL_CONVERSION = YES;
				CLANG_WARN_OBJC_IMPLICIT_RETAIN_SELF = YES;
				CLANG_WARN_OBJC_LITERAL_CONVERSION = YES;
				CLANG_WARN_OBJC_ROOT_CLASS = YES_ERROR;
				CLANG_WARN_RANGE_LOOP_ANALYSIS = YES;
				CLANG_WARN_STRICT_PROTOTYPES = YES;
				CLANG_WARN_SUSPICIOUS_MOVE = YES;
				CLANG_WARN_UNGUARDED_AVAILABILITY = YES_AGGRESSIVE;
				CLANG_WARN_UNREACHABLE_CODE = YES;
				CLANG_WARN__DUPLICATE_METHOD_MATCH = YES;
				CODE_SIGN_IDENTITY = "iPhone Developer";
				COPY_PHASE_STRIP = NO;
				DEBUG_INFORMATION_FORMAT = "dwarf-with-dsym";
				ENABLE_NS_ASSERTIONS = NO;
				ENABLE_STRICT_OBJC_MSGSEND = YES;
				GCC_C_LANGUAGE_STANDARD = gnu11;
				GCC_NO_COMMON_BLOCKS = YES;
				GCC_WARN_64_TO_32_BIT_CONVERSION = YES;
				GCC_WARN_ABOUT_RETURN_TYPE = YES_ERROR;
				GCC_WARN_UNDECLARED_SELECTOR = YES;
				GCC_WARN_UNINITIALIZED_AUTOS = YES_AGGRESSIVE;
				GCC_WARN_UNUSED_FUNCTION = YES;
				GCC_WARN_UNUSED_VARIABLE = YES;
				IPHONEOS_DEPLOYMENT_TARGET = 11.4;
				MTL_ENABLE_DEBUG_INFO = NO;
				SDKROOT = iphoneos;
				SWIFT_COMPILATION_MODE = wholemodule;
				SWIFT_OPTIMIZATION_LEVEL = "-O";
				VALIDATE_PRODUCT = YES;
			};
			name = Release;
		};
		6288AA4521504CDA008EACFC /* Debug */ = {
			isa = XCBuildConfiguration;
			buildSettings = {
				ASSETCATALOG_COMPILER_APPICON_NAME = AppIcon;
				CODE_SIGN_STYLE = Automatic;
				DEVELOPMENT_TEAM = M34F646G6T;
				INFOPLIST_FILE = modcalculator/Info.plist;
				LD_RUNPATH_SEARCH_PATHS = (
					"$(inherited)",
					"@executable_path/Frameworks",
				);
				PRODUCT_BUNDLE_IDENTIFIER = com.francescovalela.modcalculator;
				PRODUCT_NAME = "$(TARGET_NAME)";
				SWIFT_VERSION = 4.0;
				TARGETED_DEVICE_FAMILY = "1,2";
			};
			name = Debug;
		};
		6288AA4621504CDA008EACFC /* Release */ = {
			isa = XCBuildConfiguration;
			buildSettings = {
				ASSETCATALOG_COMPILER_APPICON_NAME = AppIcon;
				CODE_SIGN_STYLE = Automatic;
				DEVELOPMENT_TEAM = M34F646G6T;
				INFOPLIST_FILE = modcalculator/Info.plist;
				LD_RUNPATH_SEARCH_PATHS = (
					"$(inherited)",
					"@executable_path/Frameworks",
				);
				PRODUCT_BUNDLE_IDENTIFIER = com.francescovalela.modcalculator;
				PRODUCT_NAME = "$(TARGET_NAME)";
				SWIFT_VERSION = 4.0;
				TARGETED_DEVICE_FAMILY = "1,2";
			};
			name = Release;
		};
		6288AA4821504CDA008EACFC /* Debug */ = {
			isa = XCBuildConfiguration;
			buildSettings = {
				ALWAYS_EMBED_SWIFT_STANDARD_LIBRARIES = YES;
				BUNDLE_LOADER = "$(TEST_HOST)";
				CODE_SIGN_STYLE = Automatic;
				DEVELOPMENT_TEAM = M34F646G6T;
				INFOPLIST_FILE = modcalculatorTests/Info.plist;
				LD_RUNPATH_SEARCH_PATHS = (
					"$(inherited)",
					"@executable_path/Frameworks",
					"@loader_path/Frameworks",
				);
				PRODUCT_BUNDLE_IDENTIFIER = com.francescovalela.modcalculatorTests;
				PRODUCT_NAME = "$(TARGET_NAME)";
				SWIFT_VERSION = 4.0;
				TARGETED_DEVICE_FAMILY = "1,2";
				TEST_HOST = "$(BUILT_PRODUCTS_DIR)/modcalculator.app/modcalculator";
			};
			name = Debug;
		};
		6288AA4921504CDA008EACFC /* Release */ = {
			isa = XCBuildConfiguration;
			buildSettings = {
				ALWAYS_EMBED_SWIFT_STANDARD_LIBRARIES = YES;
				BUNDLE_LOADER = "$(TEST_HOST)";
				CODE_SIGN_STYLE = Automatic;
				DEVELOPMENT_TEAM = M34F646G6T;
				INFOPLIST_FILE = modcalculatorTests/Info.plist;
				LD_RUNPATH_SEARCH_PATHS = (
					"$(inherited)",
					"@executable_path/Frameworks",
					"@loader_path/Frameworks",
				);
				PRODUCT_BUNDLE_IDENTIFIER = com.francescovalela.modcalculatorTests;
				PRODUCT_NAME = "$(TARGET_NAME)";
				SWIFT_VERSION = 4.0;
				TARGETED_DEVICE_FAMILY = "1,2";
				TEST_HOST = "$(BUILT_PRODUCTS_DIR)/modcalculator.app/modcalculator";
			};
			name = Release;
		};
/* End XCBuildConfiguration section */

/* Begin XCConfigurationList section */
		6288AA2221504CD9008EACFC /* Build configuration list for PBXProject "modcalculator" */ = {
			isa = XCConfigurationList;
			buildConfigurations = (
				6288AA4221504CDA008EACFC /* Debug */,
				6288AA4321504CDA008EACFC /* Release */,
			);
			defaultConfigurationIsVisible = 0;
			defaultConfigurationName = Release;
		};
		6288AA4421504CDA008EACFC /* Build configuration list for PBXNativeTarget "modcalculator" */ = {
			isa = XCConfigurationList;
			buildConfigurations = (
				6288AA4521504CDA008EACFC /* Debug */,
				6288AA4621504CDA008EACFC /* Release */,
			);
			defaultConfigurationIsVisible = 0;
			defaultConfigurationName = Release;
		};
		6288AA4721504CDA008EACFC /* Build configuration list for PBXNativeTarget "modcalculatorTests" */ = {
			isa = XCConfigurationList;
			buildConfigurations = (
				6288AA4821504CDA008EACFC /* Debug */,
				6288AA4921504CDA008EACFC /* Release */,
			);
			defaultConfigurationIsVisible = 0;
			defaultConfigurationName = Release;
		};
/* End XCConfigurationList section */
	};
	rootObject = 6288AA1F21504CD9008EACFC /* Project object */;
}
